
Microsoft Visual Studio Solution File, Format Version 12.00
Project("{2150E333-8FDC-42A3-9474-1A3956D46DE8}") = "pseudomarkets-nextgen-idp", "pseudomarkets-nextgen-idp", "{31C2C117-2E0F-4A95-8C59-B9B4A3B99D7B}"
EndProject
Project("{2150E333-8FDC-42A3-9474-1A3956D46DE8}") = "src", "src", "{816AF2F8-9D74-49A1-B2CC-5E78FD61240D}"
EndProject
Project("{2150E333-8FDC-42A3-9474-1A3956D46DE8}") = "tests", "tests", "{BC0B4E95-01D5-40D5-9F18-6A6DB5218F16}"
EndProject
Project("{2150E333-8FDC-42A3-9474-1A3956D46DE8}") = "pseudomarkets-nextgen-marketdata", "pseudomarkets-nextgen-marketdata", "{898EF159-B67A-4F1F-818E-D6A245EFD94D}"
EndProject
Project("{2150E333-8FDC-42A3-9474-1A3956D46DE8}") = "src", "src", "{A25A878F-38DD-1B4D-321A-757881C896A2}"
EndProject
Project("{FAE04EC0-301F-11D3-BF4B-00C04F79EFBC}") = "PseudoMarkets.Security.IdentityServer.Web", "pseudomarkets-nextgen-idp\src\PseudoMarkets.Security.IdentityServer.Web\PseudoMarkets.Security.IdentityServer.Web.csproj", "{1B824CDD-AC1C-487E-9CCC-2907FB1B237D}"
EndProject
Project("{FAE04EC0-301F-11D3-BF4B-00C04F79EFBC}") = "PseudoMarkets.Security.IdentityServer.Core", "pseudomarkets-nextgen-idp\src\PseudoMarkets.Security.IdentityServer.Core\PseudoMarkets.Security.IdentityServer.Core.csproj", "{9E2C4099-B833-44A2-A75C-5FA1CE719D72}"
EndProject
Project("{FAE04EC0-301F-11D3-BF4B-00C04F79EFBC}") = "PseudoMarkets.Security.IdentityServer.Core.Tests", "pseudomarkets-nextgen-idp\tests\PseudoMarkets.Security.IdentityServer.Core.Tests\PseudoMarkets.Security.IdentityServer.Core.Tests.csproj", "{CC86C533-9D01-4AF5-AB5D-4D5AFB0D7D15}"
EndProject
Project("{FAE04EC0-301F-11D3-BF4B-00C04F79EFBC}") = "PseudoMarkets.Security.IdentityServer.Web.Tests", "pseudomarkets-nextgen-idp\tests\PseudoMarkets.Security.IdentityServer.Web.Tests\PseudoMarkets.Security.IdentityServer.Web.Tests.csproj", "{2AE86BAA-1ED8-4B8B-89B2-5B334D4E8F4C}"
EndProject
Project("{FAE04EC0-301F-11D3-BF4B-00C04F79EFBC}") = "PseudoMarkets.MarketData.Service", "pseudomarkets-nextgen-marketdata\src\PseudoMarkets.MarketData.Service\PseudoMarkets.MarketData.Service.csproj", "{EA2443E3-B4DD-484B-B2BC-2038961B3AA6}"
EndProject
Project("{2150E333-8FDC-42A3-9474-1A3956D46DE8}") = "Solution Items", "Solution Items", "{A409F0E5-41A2-4C14-8859-61B165E3CBF4}"
	ProjectSection(SolutionItems) = preProject
		compose.yaml = compose.yaml
	EndProjectSection
EndProject
Project("{FAE04EC0-301F-11D3-BF4B-00C04F79EFBC}") = "PseudoMarkets.MarketData.Contracts", "pseudomarkets-nextgen-marketdata\src\PseudoMarkets.MarketData.Contracts\PseudoMarkets.MarketData.Contracts.csproj", "{476CAAA4-0A03-4E36-A5F3-4FF95F3F6D22}"
EndProject
Project("{FAE04EC0-301F-11D3-BF4B-00C04F79EFBC}") = "PseudoMarkets.MarketData.Core", "pseudomarkets-nextgen-marketdata\src\PseudoMarkets.MarketData.Core\PseudoMarkets.MarketData.Core.csproj", "{1C495887-7F60-4B18-8906-13454BE57AA7}"
EndProject
Project("{FAE04EC0-301F-11D3-BF4B-00C04F79EFBC}") = "PseudoMarkets.MarketData.Providers", "pseudomarkets-nextgen-marketdata\src\PseudoMarkets.MarketData.Providers\PseudoMarkets.MarketData.Providers.csproj", "{391B6341-4340-48BA-B058-799836383C91}"
EndProject
Project("{FAE04EC0-301F-11D3-BF4B-00C04F79EFBC}") = "PseudoMarkets.MarketData.Cache", "pseudomarkets-nextgen-marketdata\src\PseudoMarkets.MarketData.Cache\PseudoMarkets.MarketData.Cache.csproj", "{3E411AE8-B059-46B0-ADF2-20F20BCDCFCF}"
EndProject
Project("{2150E333-8FDC-42A3-9474-1A3956D46DE8}") = "tests", "tests", "{A14BD249-3F11-78CC-058D-DD74AF9F65CF}"
EndProject
Project("{FAE04EC0-301F-11D3-BF4B-00C04F79EFBC}") = "PseudoMarkets.MarketData.Tests", "pseudomarkets-nextgen-marketdata\tests\PseudoMarkets.MarketData.Tests\PseudoMarkets.MarketData.Tests.csproj", "{995D7E58-0434-454F-940D-77F57801A7BF}"
EndProject
Project("{2150E333-8FDC-42A3-9474-1A3956D46DE8}") = "pseudomarkets-nextgen-shared-auth", "pseudomarkets-nextgen-shared-auth", "{532C43EC-9DBB-700F-E725-93E16FD3DDA4}"
EndProject
Project("{2150E333-8FDC-42A3-9474-1A3956D46DE8}") = "src", "src", "{B8AC22FE-A4C2-3A1E-FF61-228D5AE67FFD}"
EndProject
Project("{FAE04EC0-301F-11D3-BF4B-00C04F79EFBC}") = "PseudoMarkets.Shared.Authorization", "pseudomarkets-nextgen-shared-auth\src\PseudoMarkets.Shared.Authorization\PseudoMarkets.Shared.Authorization.csproj", "{FAE97890-463F-48CE-9BA5-ECEF6CD01510}"
EndProject
Global
	GlobalSection(SolutionConfigurationPlatforms) = preSolution
		Debug|Any CPU = Debug|Any CPU
		Debug|x64 = Debug|x64
		Debug|x86 = Debug|x86
		Release|Any CPU = Release|Any CPU
		Release|x64 = Release|x64
		Release|x86 = Release|x86
	EndGlobalSection
	GlobalSection(ProjectConfigurationPlatforms) = postSolution
		{1B824CDD-AC1C-487E-9CCC-2907FB1B237D}.Debug|Any CPU.ActiveCfg = Debug|Any CPU
		{1B824CDD-AC1C-487E-9CCC-2907FB1B237D}.Debug|Any CPU.Build.0 = Debug|Any CPU
		{1B824CDD-AC1C-487E-9CCC-2907FB1B237D}.Debug|x64.ActiveCfg = Debug|Any CPU
		{1B824CDD-AC1C-487E-9CCC-2907FB1B237D}.Debug|x64.Build.0 = Debug|Any CPU
		{1B824CDD-AC1C-487E-9CCC-2907FB1B237D}.Debug|x86.ActiveCfg = Debug|Any CPU
		{1B824CDD-AC1C-487E-9CCC-2907FB1B237D}.Debug|x86.Build.0 = Debug|Any CPU
		{1B824CDD-AC1C-487E-9CCC-2907FB1B237D}.Release|Any CPU.ActiveCfg = Release|Any CPU
		{1B824CDD-AC1C-487E-9CCC-2907FB1B237D}.Release|Any CPU.Build.0 = Release|Any CPU
		{1B824CDD-AC1C-487E-9CCC-2907FB1B237D}.Release|x64.ActiveCfg = Release|Any CPU
		{1B824CDD-AC1C-487E-9CCC-2907FB1B237D}.Release|x64.Build.0 = Release|Any CPU
		{1B824CDD-AC1C-487E-9CCC-2907FB1B237D}.Release|x86.ActiveCfg = Release|Any CPU
		{1B824CDD-AC1C-487E-9CCC-2907FB1B237D}.Release|x86.Build.0 = Release|Any CPU
		{9E2C4099-B833-44A2-A75C-5FA1CE719D72}.Debug|Any CPU.ActiveCfg = Debug|Any CPU
		{9E2C4099-B833-44A2-A75C-5FA1CE719D72}.Debug|Any CPU.Build.0 = Debug|Any CPU
		{9E2C4099-B833-44A2-A75C-5FA1CE719D72}.Debug|x64.ActiveCfg = Debug|Any CPU
		{9E2C4099-B833-44A2-A75C-5FA1CE719D72}.Debug|x64.Build.0 = Debug|Any CPU
		{9E2C4099-B833-44A2-A75C-5FA1CE719D72}.Debug|x86.ActiveCfg = Debug|Any CPU
		{9E2C4099-B833-44A2-A75C-5FA1CE719D72}.Debug|x86.Build.0 = Debug|Any CPU
		{9E2C4099-B833-44A2-A75C-5FA1CE719D72}.Release|Any CPU.ActiveCfg = Release|Any CPU
		{9E2C4099-B833-44A2-A75C-5FA1CE719D72}.Release|Any CPU.Build.0 = Release|Any CPU
		{9E2C4099-B833-44A2-A75C-5FA1CE719D72}.Release|x64.ActiveCfg = Release|Any CPU
		{9E2C4099-B833-44A2-A75C-5FA1CE719D72}.Release|x64.Build.0 = Release|Any CPU
		{9E2C4099-B833-44A2-A75C-5FA1CE719D72}.Release|x86.ActiveCfg = Release|Any CPU
		{9E2C4099-B833-44A2-A75C-5FA1CE719D72}.Release|x86.Build.0 = Release|Any CPU
		{CC86C533-9D01-4AF5-AB5D-4D5AFB0D7D15}.Debug|Any CPU.ActiveCfg = Debug|Any CPU
		{CC86C533-9D01-4AF5-AB5D-4D5AFB0D7D15}.Debug|Any CPU.Build.0 = Debug|Any CPU
		{CC86C533-9D01-4AF5-AB5D-4D5AFB0D7D15}.Debug|x64.ActiveCfg = Debug|Any CPU
		{CC86C533-9D01-4AF5-AB5D-4D5AFB0D7D15}.Debug|x64.Build.0 = Debug|Any CPU
		{CC86C533-9D01-4AF5-AB5D-4D5AFB0D7D15}.Debug|x86.ActiveCfg = Debug|Any CPU
		{CC86C533-9D01-4AF5-AB5D-4D5AFB0D7D15}.Debug|x86.Build.0 = Debug|Any CPU
		{CC86C533-9D01-4AF5-AB5D-4D5AFB0D7D15}.Release|Any CPU.ActiveCfg = Release|Any CPU
		{CC86C533-9D01-4AF5-AB5D-4D5AFB0D7D15}.Release|Any CPU.Build.0 = Release|Any CPU
		{CC86C533-9D01-4AF5-AB5D-4D5AFB0D7D15}.Release|x64.ActiveCfg = Release|Any CPU
		{CC86C533-9D01-4AF5-AB5D-4D5AFB0D7D15}.Release|x64.Build.0 = Release|Any CPU
		{CC86C533-9D01-4AF5-AB5D-4D5AFB0D7D15}.Release|x86.ActiveCfg = Release|Any CPU
		{CC86C533-9D01-4AF5-AB5D-4D5AFB0D7D15}.Release|x86.Build.0 = Release|Any CPU
		{2AE86BAA-1ED8-4B8B-89B2-5B334D4E8F4C}.Debug|Any CPU.ActiveCfg = Debug|Any CPU
		{2AE86BAA-1ED8-4B8B-89B2-5B334D4E8F4C}.Debug|Any CPU.Build.0 = Debug|Any CPU
		{2AE86BAA-1ED8-4B8B-89B2-5B334D4E8F4C}.Debug|x64.ActiveCfg = Debug|Any CPU
		{2AE86BAA-1ED8-4B8B-89B2-5B334D4E8F4C}.Debug|x64.Build.0 = Debug|Any CPU
		{2AE86BAA-1ED8-4B8B-89B2-5B334D4E8F4C}.Debug|x86.ActiveCfg = Debug|Any CPU
		{2AE86BAA-1ED8-4B8B-89B2-5B334D4E8F4C}.Debug|x86.Build.0 = Debug|Any CPU
		{2AE86BAA-1ED8-4B8B-89B2-5B334D4E8F4C}.Release|Any CPU.ActiveCfg = Release|Any CPU
		{2AE86BAA-1ED8-4B8B-89B2-5B334D4E8F4C}.Release|Any CPU.Build.0 = Release|Any CPU
		{2AE86BAA-1ED8-4B8B-89B2-5B334D4E8F4C}.Release|x64.ActiveCfg = Release|Any CPU
		{2AE86BAA-1ED8-4B8B-89B2-5B334D4E8F4C}.Release|x64.Build.0 = Release|Any CPU
		{2AE86BAA-1ED8-4B8B-89B2-5B334D4E8F4C}.Release|x86.ActiveCfg = Release|Any CPU
		{2AE86BAA-1ED8-4B8B-89B2-5B334D4E8F4C}.Release|x86.Build.0 = Release|Any CPU
		{EA2443E3-B4DD-484B-B2BC-2038961B3AA6}.Debug|Any CPU.ActiveCfg = Debug|Any CPU
		{EA2443E3-B4DD-484B-B2BC-2038961B3AA6}.Debug|Any CPU.Build.0 = Debug|Any CPU
		{EA2443E3-B4DD-484B-B2BC-2038961B3AA6}.Debug|x64.ActiveCfg = Debug|Any CPU
		{EA2443E3-B4DD-484B-B2BC-2038961B3AA6}.Debug|x64.Build.0 = Debug|Any CPU
		{EA2443E3-B4DD-484B-B2BC-2038961B3AA6}.Debug|x86.ActiveCfg = Debug|Any CPU
		{EA2443E3-B4DD-484B-B2BC-2038961B3AA6}.Debug|x86.Build.0 = Debug|Any CPU
		{EA2443E3-B4DD-484B-B2BC-2038961B3AA6}.Release|Any CPU.ActiveCfg = Release|Any CPU
		{EA2443E3-B4DD-484B-B2BC-2038961B3AA6}.Release|Any CPU.Build.0 = Release|Any CPU
		{EA2443E3-B4DD-484B-B2BC-2038961B3AA6}.Release|x64.ActiveCfg = Release|Any CPU
		{EA2443E3-B4DD-484B-B2BC-2038961B3AA6}.Release|x64.Build.0 = Release|Any CPU
		{EA2443E3-B4DD-484B-B2BC-2038961B3AA6}.Release|x86.ActiveCfg = Release|Any CPU
		{EA2443E3-B4DD-484B-B2BC-2038961B3AA6}.Release|x86.Build.0 = Release|Any CPU
		{476CAAA4-0A03-4E36-A5F3-4FF95F3F6D22}.Debug|Any CPU.ActiveCfg = Debug|Any CPU
		{476CAAA4-0A03-4E36-A5F3-4FF95F3F6D22}.Debug|Any CPU.Build.0 = Debug|Any CPU
		{476CAAA4-0A03-4E36-A5F3-4FF95F3F6D22}.Debug|x64.ActiveCfg = Debug|Any CPU
		{476CAAA4-0A03-4E36-A5F3-4FF95F3F6D22}.Debug|x64.Build.0 = Debug|Any CPU
		{476CAAA4-0A03-4E36-A5F3-4FF95F3F6D22}.Debug|x86.ActiveCfg = Debug|Any CPU
		{476CAAA4-0A03-4E36-A5F3-4FF95F3F6D22}.Debug|x86.Build.0 = Debug|Any CPU
		{476CAAA4-0A03-4E36-A5F3-4FF95F3F6D22}.Release|Any CPU.ActiveCfg = Release|Any CPU
		{476CAAA4-0A03-4E36-A5F3-4FF95F3F6D22}.Release|Any CPU.Build.0 = Release|Any CPU
		{476CAAA4-0A03-4E36-A5F3-4FF95F3F6D22}.Release|x64.ActiveCfg = Release|Any CPU
		{476CAAA4-0A03-4E36-A5F3-4FF95F3F6D22}.Release|x64.Build.0 = Release|Any CPU
		{476CAAA4-0A03-4E36-A5F3-4FF95F3F6D22}.Release|x86.ActiveCfg = Release|Any CPU
		{476CAAA4-0A03-4E36-A5F3-4FF95F3F6D22}.Release|x86.Build.0 = Release|Any CPU
		{1C495887-7F60-4B18-8906-13454BE57AA7}.Debug|Any CPU.ActiveCfg = Debug|Any CPU
		{1C495887-7F60-4B18-8906-13454BE57AA7}.Debug|Any CPU.Build.0 = Debug|Any CPU
		{1C495887-7F60-4B18-8906-13454BE57AA7}.Debug|x64.ActiveCfg = Debug|Any CPU
		{1C495887-7F60-4B18-8906-13454BE57AA7}.Debug|x64.Build.0 = Debug|Any CPU
		{1C495887-7F60-4B18-8906-13454BE57AA7}.Debug|x86.ActiveCfg = Debug|Any CPU
		{1C495887-7F60-4B18-8906-13454BE57AA7}.Debug|x86.Build.0 = Debug|Any CPU
		{1C495887-7F60-4B18-8906-13454BE57AA7}.Release|Any CPU.ActiveCfg = Release|Any CPU
		{1C495887-7F60-4B18-8906-13454BE57AA7}.Release|Any CPU.Build.0 = Release|Any CPU
		{1C495887-7F60-4B18-8906-13454BE57AA7}.Release|x64.ActiveCfg = Release|Any CPU
		{1C495887-7F60-4B18-8906-13454BE57AA7}.Release|x64.Build.0 = Release|Any CPU
		{1C495887-7F60-4B18-8906-13454BE57AA7}.Release|x86.ActiveCfg = Release|Any CPU
		{1C495887-7F60-4B18-8906-13454BE57AA7}.Release|x86.Build.0 = Release|Any CPU
		{391B6341-4340-48BA-B058-799836383C91}.Debug|Any CPU.ActiveCfg = Debug|Any CPU
		{391B6341-4340-48BA-B058-799836383C91}.Debug|Any CPU.Build.0 = Debug|Any CPU
		{391B6341-4340-48BA-B058-799836383C91}.Debug|x64.ActiveCfg = Debug|Any CPU
		{391B6341-4340-48BA-B058-799836383C91}.Debug|x64.Build.0 = Debug|Any CPU
		{391B6341-4340-48BA-B058-799836383C91}.Debug|x86.ActiveCfg = Debug|Any CPU
		{391B6341-4340-48BA-B058-799836383C91}.Debug|x86.Build.0 = Debug|Any CPU
		{391B6341-4340-48BA-B058-799836383C91}.Release|Any CPU.ActiveCfg = Release|Any CPU
		{391B6341-4340-48BA-B058-799836383C91}.Release|Any CPU.Build.0 = Release|Any CPU
		{391B6341-4340-48BA-B058-799836383C91}.Release|x64.ActiveCfg = Release|Any CPU
		{391B6341-4340-48BA-B058-799836383C91}.Release|x64.Build.0 = Release|Any CPU
		{391B6341-4340-48BA-B058-799836383C91}.Release|x86.ActiveCfg = Release|Any CPU
		{391B6341-4340-48BA-B058-799836383C91}.Release|x86.Build.0 = Release|Any CPU
		{3E411AE8-B059-46B0-ADF2-20F20BCDCFCF}.Debug|Any CPU.ActiveCfg = Debug|Any CPU
		{3E411AE8-B059-46B0-ADF2-20F20BCDCFCF}.Debug|Any CPU.Build.0 = Debug|Any CPU
		{3E411AE8-B059-46B0-ADF2-20F20BCDCFCF}.Debug|x64.ActiveCfg = Debug|Any CPU
		{3E411AE8-B059-46B0-ADF2-20F20BCDCFCF}.Debug|x64.Build.0 = Debug|Any CPU
		{3E411AE8-B059-46B0-ADF2-20F20BCDCFCF}.Debug|x86.ActiveCfg = Debug|Any CPU
		{3E411AE8-B059-46B0-ADF2-20F20BCDCFCF}.Debug|x86.Build.0 = Debug|Any CPU
		{3E411AE8-B059-46B0-ADF2-20F20BCDCFCF}.Release|Any CPU.ActiveCfg = Release|Any CPU
		{3E411AE8-B059-46B0-ADF2-20F20BCDCFCF}.Release|Any CPU.Build.0 = Release|Any CPU
		{3E411AE8-B059-46B0-ADF2-20F20BCDCFCF}.Release|x64.ActiveCfg = Release|Any CPU
		{3E411AE8-B059-46B0-ADF2-20F20BCDCFCF}.Release|x64.Build.0 = Release|Any CPU
		{3E411AE8-B059-46B0-ADF2-20F20BCDCFCF}.Release|x86.ActiveCfg = Release|Any CPU
		{3E411AE8-B059-46B0-ADF2-20F20BCDCFCF}.Release|x86.Build.0 = Release|Any CPU
		{995D7E58-0434-454F-940D-77F57801A7BF}.Debug|Any CPU.ActiveCfg = Debug|Any CPU
		{995D7E58-0434-454F-940D-77F57801A7BF}.Debug|Any CPU.Build.0 = Debug|Any CPU
		{995D7E58-0434-454F-940D-77F57801A7BF}.Debug|x64.ActiveCfg = Debug|Any CPU
		{995D7E58-0434-454F-940D-77F57801A7BF}.Debug|x64.Build.0 = Debug|Any CPU
		{995D7E58-0434-454F-940D-77F57801A7BF}.Debug|x86.ActiveCfg = Debug|Any CPU
		{995D7E58-0434-454F-940D-77F57801A7BF}.Debug|x86.Build.0 = Debug|Any CPU
		{995D7E58-0434-454F-940D-77F57801A7BF}.Release|Any CPU.ActiveCfg = Release|Any CPU
		{995D7E58-0434-454F-940D-77F57801A7BF}.Release|Any CPU.Build.0 = Release|Any CPU
		{995D7E58-0434-454F-940D-77F57801A7BF}.Release|x64.ActiveCfg = Release|Any CPU
		{995D7E58-0434-454F-940D-77F57801A7BF}.Release|x64.Build.0 = Release|Any CPU
		{995D7E58-0434-454F-940D-77F57801A7BF}.Release|x86.ActiveCfg = Release|Any CPU
		{995D7E58-0434-454F-940D-77F57801A7BF}.Release|x86.Build.0 = Release|Any CPU
		{FAE97890-463F-48CE-9BA5-ECEF6CD01510}.Debug|Any CPU.ActiveCfg = Debug|Any CPU
		{FAE97890-463F-48CE-9BA5-ECEF6CD01510}.Debug|Any CPU.Build.0 = Debug|Any CPU
		{FAE97890-463F-48CE-9BA5-ECEF6CD01510}.Debug|x64.ActiveCfg = Debug|Any CPU
		{FAE97890-463F-48CE-9BA5-ECEF6CD01510}.Debug|x64.Build.0 = Debug|Any CPU
		{FAE97890-463F-48CE-9BA5-ECEF6CD01510}.Debug|x86.ActiveCfg = Debug|Any CPU
		{FAE97890-463F-48CE-9BA5-ECEF6CD01510}.Debug|x86.Build.0 = Debug|Any CPU
		{FAE97890-463F-48CE-9BA5-ECEF6CD01510}.Release|Any CPU.ActiveCfg = Release|Any CPU
		{FAE97890-463F-48CE-9BA5-ECEF6CD01510}.Release|Any CPU.Build.0 = Release|Any CPU
		{FAE97890-463F-48CE-9BA5-ECEF6CD01510}.Release|x64.ActiveCfg = Release|Any CPU
		{FAE97890-463F-48CE-9BA5-ECEF6CD01510}.Release|x64.Build.0 = Release|Any CPU
		{FAE97890-463F-48CE-9BA5-ECEF6CD01510}.Release|x86.ActiveCfg = Release|Any CPU
		{FAE97890-463F-48CE-9BA5-ECEF6CD01510}.Release|x86.Build.0 = Release|Any CPU
	EndGlobalSection
	GlobalSection(SolutionProperties) = preSolution
		HideSolutionNode = FALSE
	EndGlobalSection
	GlobalSection(NestedProjects) = preSolution
		{816AF2F8-9D74-49A1-B2CC-5E78FD61240D} = {31C2C117-2E0F-4A95-8C59-B9B4A3B99D7B}
		{BC0B4E95-01D5-40D5-9F18-6A6DB5218F16} = {31C2C117-2E0F-4A95-8C59-B9B4A3B99D7B}
		{A25A878F-38DD-1B4D-321A-757881C896A2} = {898EF159-B67A-4F1F-818E-D6A245EFD94D}
		{1B824CDD-AC1C-487E-9CCC-2907FB1B237D} = {816AF2F8-9D74-49A1-B2CC-5E78FD61240D}
		{9E2C4099-B833-44A2-A75C-5FA1CE719D72} = {816AF2F8-9D74-49A1-B2CC-5E78FD61240D}
		{CC86C533-9D01-4AF5-AB5D-4D5AFB0D7D15} = {BC0B4E95-01D5-40D5-9F18-6A6DB5218F16}
		{2AE86BAA-1ED8-4B8B-89B2-5B334D4E8F4C} = {BC0B4E95-01D5-40D5-9F18-6A6DB5218F16}
		{EA2443E3-B4DD-484B-B2BC-2038961B3AA6} = {A25A878F-38DD-1B4D-321A-757881C896A2}
		{476CAAA4-0A03-4E36-A5F3-4FF95F3F6D22} = {A25A878F-38DD-1B4D-321A-757881C896A2}
		{1C495887-7F60-4B18-8906-13454BE57AA7} = {A25A878F-38DD-1B4D-321A-757881C896A2}
		{391B6341-4340-48BA-B058-799836383C91} = {A25A878F-38DD-1B4D-321A-757881C896A2}
		{3E411AE8-B059-46B0-ADF2-20F20BCDCFCF} = {A25A878F-38DD-1B4D-321A-757881C896A2}
		{A14BD249-3F11-78CC-058D-DD74AF9F65CF} = {898EF159-B67A-4F1F-818E-D6A245EFD94D}
		{995D7E58-0434-454F-940D-77F57801A7BF} = {A14BD249-3F11-78CC-058D-DD74AF9F65CF}
		{B8AC22FE-A4C2-3A1E-FF61-228D5AE67FFD} = {532C43EC-9DBB-700F-E725-93E16FD3DDA4}
		{FAE97890-463F-48CE-9BA5-ECEF6CD01510} = {B8AC22FE-A4C2-3A1E-FF61-228D5AE67FFD}
	EndGlobalSection
EndGlobal
