
Microsoft Visual Studio Solution File, Format Version 12.00
Project("{2150E333-8FDC-42A3-9474-1A3956D46DE8}") = "pseudomarkets-nextgen-idp", "pseudomarkets-nextgen-idp", "{31C2C117-2E0F-4A95-8C59-B9B4A3B99D7B}"
EndProject
Project("{2150E333-8FDC-42A3-9474-1A3956D46DE8}") = "src", "src", "{816AF2F8-9D74-49A1-B2CC-5E78FD61240D}"
EndProject
Project("{2150E333-8FDC-42A3-9474-1A3956D46DE8}") = "tests", "tests", "{BC0B4E95-01D5-40D5-9F18-6A6DB5218F16}"
EndProject
Project("{2150E333-8FDC-42A3-9474-1A3956D46DE8}") = "pseudomarkets-nextgen-marketdata", "pseudomarkets-nextgen-marketdata", "{898EF159-B67A-4F1F-818E-D6A245EFD94D}"
EndProject
Project("{2150E333-8FDC-42A3-9474-1A3956D46DE8}") = "src", "src", "{A25A878F-38DD-1B4D-321A-757881C896A2}"
EndProject
Project("{FAE04EC0-301F-11D3-BF4B-00C04F79EFBC}") = "PseudoMarkets.Security.IdentityServer.Web", "pseudomarkets-nextgen-idp\src\PseudoMarkets.Security.IdentityServer.Web\PseudoMarkets.Security.IdentityServer.Web.csproj", "{1B824CDD-AC1C-487E-9CCC-2907FB1B237D}"
EndProject
Project("{FAE04EC0-301F-11D3-BF4B-00C04F79EFBC}") = "PseudoMarkets.Security.IdentityServer.Core", "pseudomarkets-nextgen-idp\src\PseudoMarkets.Security.IdentityServer.Core\PseudoMarkets.Security.IdentityServer.Core.csproj", "{9E2C4099-B833-44A2-A75C-5FA1CE719D72}"
EndProject
Project("{FAE04EC0-301F-11D3-BF4B-00C04F79EFBC}") = "PseudoMarkets.Security.IdentityServer.Core.Tests", "pseudomarkets-nextgen-idp\tests\PseudoMarkets.Security.IdentityServer.Core.Tests\PseudoMarkets.Security.IdentityServer.Core.Tests.csproj", "{CC86C533-9D01-4AF5-AB5D-4D5AFB0D7D15}"
EndProject
Project("{FAE04EC0-301F-11D3-BF4B-00C04F79EFBC}") = "PseudoMarkets.Security.IdentityServer.Web.Tests", "pseudomarkets-nextgen-idp\tests\PseudoMarkets.Security.IdentityServer.Web.Tests\PseudoMarkets.Security.IdentityServer.Web.Tests.csproj", "{2AE86BAA-1ED8-4B8B-89B2-5B334D4E8F4C}"
EndProject
Project("{FAE04EC0-301F-11D3-BF4B-00C04F79EFBC}") = "PseudoMarkets.MarketData.Service", "pseudomarkets-nextgen-marketdata\src\PseudoMarkets.MarketData.Service\PseudoMarkets.MarketData.Service.csproj", "{EA2443E3-B4DD-484B-B2BC-2038961B3AA6}"
EndProject
Project("{2150E333-8FDC-42A3-9474-1A3956D46DE8}") = "Solution Items", "Solution Items", "{A409F0E5-41A2-4C14-8859-61B165E3CBF4}"
	ProjectSection(SolutionItems) = preProject
		compose.yaml = compose.yaml
	EndProjectSection
EndProject
Project("{FAE04EC0-301F-11D3-BF4B-00C04F79EFBC}") = "PseudoMarkets.MarketData.Contracts", "pseudomarkets-nextgen-marketdata\src\PseudoMarkets.MarketData.Contracts\PseudoMarkets.MarketData.Contracts.csproj", "{476CAAA4-0A03-4E36-A5F3-4FF95F3F6D22}"
EndProject
Project("{FAE04EC0-301F-11D3-BF4B-00C04F79EFBC}") = "PseudoMarkets.MarketData.Core", "pseudomarkets-nextgen-marketdata\src\PseudoMarkets.MarketData.Core\PseudoMarkets.MarketData.Core.csproj", "{1C495887-7F60-4B18-8906-13454BE57AA7}"
EndProject
Project("{FAE04EC0-301F-11D3-BF4B-00C04F79EFBC}") = "PseudoMarkets.MarketData.Providers", "pseudomarkets-nextgen-marketdata\src\PseudoMarkets.MarketData.Providers\PseudoMarkets.MarketData.Providers.csproj", "{391B6341-4340-48BA-B058-799836383C91}"
EndProject
Project("{FAE04EC0-301F-11D3-BF4B-00C04F79EFBC}") = "PseudoMarkets.MarketData.Cache", "pseudomarkets-nextgen-marketdata\src\PseudoMarkets.MarketData.Cache\PseudoMarkets.MarketData.Cache.csproj", "{3E411AE8-B059-46B0-ADF2-20F20BCDCFCF}"
EndProject
Project("{2150E333-8FDC-42A3-9474-1A3956D46DE8}") = "tests", "tests", "{A14BD249-3F11-78CC-058D-DD74AF9F65CF}"
EndProject
Project("{FAE04EC0-301F-11D3-BF4B-00C04F79EFBC}") = "PseudoMarkets.MarketData.Tests", "pseudomarkets-nextgen-marketdata\tests\PseudoMarkets.MarketData.Tests\PseudoMarkets.MarketData.Tests.csproj", "{995D7E58-0434-454F-940D-77F57801A7BF}"
EndProject
Project("{2150E333-8FDC-42A3-9474-1A3956D46DE8}") = "pseudomarkets-nextgen-shared-auth", "pseudomarkets-nextgen-shared-auth", "{532C43EC-9DBB-700F-E725-93E16FD3DDA4}"
EndProject
Project("{2150E333-8FDC-42A3-9474-1A3956D46DE8}") = "src", "src", "{B8AC22FE-A4C2-3A1E-FF61-228D5AE67FFD}"
EndProject
Project("{FAE04EC0-301F-11D3-BF4B-00C04F79EFBC}") = "PseudoMarkets.Shared.Authorization", "pseudomarkets-nextgen-shared-auth\src\PseudoMarkets.Shared.Authorization\PseudoMarkets.Shared.Authorization.csproj", "{FAE97890-463F-48CE-9BA5-ECEF6CD01510}"
EndProject
Project("{2150E333-8FDC-42A3-9474-1A3956D46DE8}") = "tests", "tests", "{E960BB88-D097-D88F-E1DF-44AF63B77C0E}"
EndProject
Project("{FAE04EC0-301F-11D3-BF4B-00C04F79EFBC}") = "PseudoMarkets.Shared.Authorization.Tests", "pseudomarkets-nextgen-shared-auth\tests\PseudoMarkets.Shared.Authorization.Tests\PseudoMarkets.Shared.Authorization.Tests.csproj", "{E540F2C9-5908-4BF7-B0CC-CFAEC6A47268}"
EndProject
Project("{2150E333-8FDC-42A3-9474-1A3956D46DE8}") = "pseudomarkets-nextgen-transaction-processing", "pseudomarkets-nextgen-transaction-processing", "{1B971CE1-D1BF-726E-0C04-072173F63444}"
EndProject
Project("{2150E333-8FDC-42A3-9474-1A3956D46DE8}") = "tests", "tests", "{C23D4804-F6E5-7A60-6805-9A20FA336ED4}"
EndProject
Project("{FAE04EC0-301F-11D3-BF4B-00C04F79EFBC}") = "PseudoMarkets.TransactionProcessing.Tests", "pseudomarkets-nextgen-transaction-processing\tests\PseudoMarkets.TransactionProcessing.Tests\PseudoMarkets.TransactionProcessing.Tests.csproj", "{95E56177-29E4-4BDC-9359-7E24A44066C3}"
EndProject
Project("{2150E333-8FDC-42A3-9474-1A3956D46DE8}") = "src", "src", "{AC2DAE29-7568-8E5A-5BC5-1CE4F5A5D7CB}"
EndProject
Project("{FAE04EC0-301F-11D3-BF4B-00C04F79EFBC}") = "PseudoMarkets.TransactionProcessing.Contracts", "pseudomarkets-nextgen-transaction-processing\src\PseudoMarkets.TransactionProcessing.Contracts\PseudoMarkets.TransactionProcessing.Contracts.csproj", "{D84CB77F-ADEB-4174-9895-C6ABE5FB18D4}"
EndProject
Project("{FAE04EC0-301F-11D3-BF4B-00C04F79EFBC}") = "PseudoMarkets.TransactionProcessing.Core", "pseudomarkets-nextgen-transaction-processing\src\PseudoMarkets.TransactionProcessing.Core\PseudoMarkets.TransactionProcessing.Core.csproj", "{AEDFEC9C-4998-4FF8-8C12-94874C3B8C9A}"
EndProject
Project("{FAE04EC0-301F-11D3-BF4B-00C04F79EFBC}") = "PseudoMarkets.TransactionProcessing.Persistence", "pseudomarkets-nextgen-transaction-processing\src\PseudoMarkets.TransactionProcessing.Persistence\PseudoMarkets.TransactionProcessing.Persistence.csproj", "{C58654B9-F17F-441A-AC2B-9DF4020BE678}"
EndProject
Project("{FAE04EC0-301F-11D3-BF4B-00C04F79EFBC}") = "PseudoMarkets.TransactionProcessing.Service", "pseudomarkets-nextgen-transaction-processing\src\PseudoMarkets.TransactionProcessing.Service\PseudoMarkets.TransactionProcessing.Service.csproj", "{7486D665-F262-4ABC-9058-7791FC9E37B9}"
EndProject
Project("{2150E333-8FDC-42A3-9474-1A3956D46DE8}") = "pseudomarkets-nextgen-shared-entities", "pseudomarkets-nextgen-shared-entities", "{2873B483-E899-4C1E-EC83-F9270DAB3D3E}"
EndProject
Project("{2150E333-8FDC-42A3-9474-1A3956D46DE8}") = "src", "src", "{ADA9F2A7-3DEC-B545-1F04-50AD31526E8D}"
EndProject
Project("{FAE04EC0-301F-11D3-BF4B-00C04F79EFBC}") = "PseudoMarkets.Shared.Entities", "pseudomarkets-nextgen-shared-entities\src\PseudoMarkets.Shared.Entities\PseudoMarkets.Shared.Entities.csproj", "{E0D7D203-B6B8-4FE8-9D98-1432A3C594CB}"
EndProject
Project("{2150E333-8FDC-42A3-9474-1A3956D46DE8}") = "pseudomarkets-nextgen-instrument-db", "pseudomarkets-nextgen-instrument-db", "{36F19584-9A82-07FC-9748-BBD163E9779F}"
EndProject
Project("{2150E333-8FDC-42A3-9474-1A3956D46DE8}") = "src", "src", "{42EAE0C4-A564-16E0-83B8-5681CC61C0AB}"
EndProject
Project("{FAE04EC0-301F-11D3-BF4B-00C04F79EFBC}") = "PseudoMarkets.ReferenceData.TradingInstruments.Contracts", "pseudomarkets-nextgen-instrument-db\src\PseudoMarkets.ReferenceData.TradingInstruments.Contracts\PseudoMarkets.ReferenceData.TradingInstruments.Contracts.csproj", "{B6699B63-1CEE-4EB6-A7EF-580418966874}"
EndProject
Project("{FAE04EC0-301F-11D3-BF4B-00C04F79EFBC}") = "PseudoMarkets.ReferenceData.TradingInstruments.Core", "pseudomarkets-nextgen-instrument-db\src\PseudoMarkets.ReferenceData.TradingInstruments.Core\PseudoMarkets.ReferenceData.TradingInstruments.Core.csproj", "{BCE40D32-1663-4D7C-B9CD-A7C790B6799E}"
EndProject
Project("{FAE04EC0-301F-11D3-BF4B-00C04F79EFBC}") = "PseudoMarkets.ReferenceData.TradingInstruments.Persistence", "pseudomarkets-nextgen-instrument-db\src\PseudoMarkets.ReferenceData.TradingInstruments.Persistence\PseudoMarkets.ReferenceData.TradingInstruments.Persistence.csproj", "{2EF3FC1B-7191-4D8A-8AC9-4BDE91F832F4}"
EndProject
Project("{FAE04EC0-301F-11D3-BF4B-00C04F79EFBC}") = "PseudoMarkets.ReferenceData.TradingInstruments.Service", "pseudomarkets-nextgen-instrument-db\src\PseudoMarkets.ReferenceData.TradingInstruments.Service\PseudoMarkets.ReferenceData.TradingInstruments.Service.csproj", "{70A97B0B-6F9C-41FC-B348-890E7A2F1A69}"
EndProject
Project("{2150E333-8FDC-42A3-9474-1A3956D46DE8}") = "tests", "tests", "{99FA9AA8-F9B3-D335-7171-F6B4E5183560}"
EndProject
Project("{FAE04EC0-301F-11D3-BF4B-00C04F79EFBC}") = "PseudoMarkets.ReferenceData.TradingInstruments.Tests", "pseudomarkets-nextgen-instrument-db\tests\PseudoMarkets.ReferenceData.TradingInstruments.Tests\PseudoMarkets.ReferenceData.TradingInstruments.Tests.csproj", "{3A6CDD4C-F8B8-4FDF-851E-AD0C308E536E}"
EndProject
Global
	GlobalSection(SolutionConfigurationPlatforms) = preSolution
		Debug|Any CPU = Debug|Any CPU
		Debug|x64 = Debug|x64
		Debug|x86 = Debug|x86
		Release|Any CPU = Release|Any CPU
		Release|x64 = Release|x64
		Release|x86 = Release|x86
	EndGlobalSection
	GlobalSection(ProjectConfigurationPlatforms) = postSolution
		{1B824CDD-AC1C-487E-9CCC-2907FB1B237D}.Debug|Any CPU.ActiveCfg = Debug|Any CPU
		{1B824CDD-AC1C-487E-9CCC-2907FB1B237D}.Debug|Any CPU.Build.0 = Debug|Any CPU
		{1B824CDD-AC1C-487E-9CCC-2907FB1B237D}.Debug|x64.ActiveCfg = Debug|Any CPU
		{1B824CDD-AC1C-487E-9CCC-2907FB1B237D}.Debug|x64.Build.0 = Debug|Any CPU
		{1B824CDD-AC1C-487E-9CCC-2907FB1B237D}.Debug|x86.ActiveCfg = Debug|Any CPU
		{1B824CDD-AC1C-487E-9CCC-2907FB1B237D}.Debug|x86.Build.0 = Debug|Any CPU
		{1B824CDD-AC1C-487E-9CCC-2907FB1B237D}.Release|Any CPU.ActiveCfg = Release|Any CPU
		{1B824CDD-AC1C-487E-9CCC-2907FB1B237D}.Release|Any CPU.Build.0 = Release|Any CPU
		{1B824CDD-AC1C-487E-9CCC-2907FB1B237D}.Release|x64.ActiveCfg = Release|Any CPU
		{1B824CDD-AC1C-487E-9CCC-2907FB1B237D}.Release|x64.Build.0 = Release|Any CPU
		{1B824CDD-AC1C-487E-9CCC-2907FB1B237D}.Release|x86.ActiveCfg = Release|Any CPU
		{1B824CDD-AC1C-487E-9CCC-2907FB1B237D}.Release|x86.Build.0 = Release|Any CPU
		{9E2C4099-B833-44A2-A75C-5FA1CE719D72}.Debug|Any CPU.ActiveCfg = Debug|Any CPU
		{9E2C4099-B833-44A2-A75C-5FA1CE719D72}.Debug|Any CPU.Build.0 = Debug|Any CPU
		{9E2C4099-B833-44A2-A75C-5FA1CE719D72}.Debug|x64.ActiveCfg = Debug|Any CPU
		{9E2C4099-B833-44A2-A75C-5FA1CE719D72}.Debug|x64.Build.0 = Debug|Any CPU
		{9E2C4099-B833-44A2-A75C-5FA1CE719D72}.Debug|x86.ActiveCfg = Debug|Any CPU
		{9E2C4099-B833-44A2-A75C-5FA1CE719D72}.Debug|x86.Build.0 = Debug|Any CPU
		{9E2C4099-B833-44A2-A75C-5FA1CE719D72}.Release|Any CPU.ActiveCfg = Release|Any CPU
		{9E2C4099-B833-44A2-A75C-5FA1CE719D72}.Release|Any CPU.Build.0 = Release|Any CPU
		{9E2C4099-B833-44A2-A75C-5FA1CE719D72}.Release|x64.ActiveCfg = Release|Any CPU
		{9E2C4099-B833-44A2-A75C-5FA1CE719D72}.Release|x64.Build.0 = Release|Any CPU
		{9E2C4099-B833-44A2-A75C-5FA1CE719D72}.Release|x86.ActiveCfg = Release|Any CPU
		{9E2C4099-B833-44A2-A75C-5FA1CE719D72}.Release|x86.Build.0 = Release|Any CPU
		{CC86C533-9D01-4AF5-AB5D-4D5AFB0D7D15}.Debug|Any CPU.ActiveCfg = Debug|Any CPU
		{CC86C533-9D01-4AF5-AB5D-4D5AFB0D7D15}.Debug|Any CPU.Build.0 = Debug|Any CPU
		{CC86C533-9D01-4AF5-AB5D-4D5AFB0D7D15}.Debug|x64.ActiveCfg = Debug|Any CPU
		{CC86C533-9D01-4AF5-AB5D-4D5AFB0D7D15}.Debug|x64.Build.0 = Debug|Any CPU
		{CC86C533-9D01-4AF5-AB5D-4D5AFB0D7D15}.Debug|x86.ActiveCfg = Debug|Any CPU
		{CC86C533-9D01-4AF5-AB5D-4D5AFB0D7D15}.Debug|x86.Build.0 = Debug|Any CPU
		{CC86C533-9D01-4AF5-AB5D-4D5AFB0D7D15}.Release|Any CPU.ActiveCfg = Release|Any CPU
		{CC86C533-9D01-4AF5-AB5D-4D5AFB0D7D15}.Release|Any CPU.Build.0 = Release|Any CPU
		{CC86C533-9D01-4AF5-AB5D-4D5AFB0D7D15}.Release|x64.ActiveCfg = Release|Any CPU
		{CC86C533-9D01-4AF5-AB5D-4D5AFB0D7D15}.Release|x64.Build.0 = Release|Any CPU
		{CC86C533-9D01-4AF5-AB5D-4D5AFB0D7D15}.Release|x86.ActiveCfg = Release|Any CPU
		{CC86C533-9D01-4AF5-AB5D-4D5AFB0D7D15}.Release|x86.Build.0 = Release|Any CPU
		{2AE86BAA-1ED8-4B8B-89B2-5B334D4E8F4C}.Debug|Any CPU.ActiveCfg = Debug|Any CPU
		{2AE86BAA-1ED8-4B8B-89B2-5B334D4E8F4C}.Debug|Any CPU.Build.0 = Debug|Any CPU
		{2AE86BAA-1ED8-4B8B-89B2-5B334D4E8F4C}.Debug|x64.ActiveCfg = Debug|Any CPU
		{2AE86BAA-1ED8-4B8B-89B2-5B334D4E8F4C}.Debug|x64.Build.0 = Debug|Any CPU
		{2AE86BAA-1ED8-4B8B-89B2-5B334D4E8F4C}.Debug|x86.ActiveCfg = Debug|Any CPU
		{2AE86BAA-1ED8-4B8B-89B2-5B334D4E8F4C}.Debug|x86.Build.0 = Debug|Any CPU
		{2AE86BAA-1ED8-4B8B-89B2-5B334D4E8F4C}.Release|Any CPU.ActiveCfg = Release|Any CPU
		{2AE86BAA-1ED8-4B8B-89B2-5B334D4E8F4C}.Release|Any CPU.Build.0 = Release|Any CPU
		{2AE86BAA-1ED8-4B8B-89B2-5B334D4E8F4C}.Release|x64.ActiveCfg = Release|Any CPU
		{2AE86BAA-1ED8-4B8B-89B2-5B334D4E8F4C}.Release|x64.Build.0 = Release|Any CPU
		{2AE86BAA-1ED8-4B8B-89B2-5B334D4E8F4C}.Release|x86.ActiveCfg = Release|Any CPU
		{2AE86BAA-1ED8-4B8B-89B2-5B334D4E8F4C}.Release|x86.Build.0 = Release|Any CPU
		{EA2443E3-B4DD-484B-B2BC-2038961B3AA6}.Debug|Any CPU.ActiveCfg = Debug|Any CPU
		{EA2443E3-B4DD-484B-B2BC-2038961B3AA6}.Debug|Any CPU.Build.0 = Debug|Any CPU
		{EA2443E3-B4DD-484B-B2BC-2038961B3AA6}.Debug|x64.ActiveCfg = Debug|Any CPU
		{EA2443E3-B4DD-484B-B2BC-2038961B3AA6}.Debug|x64.Build.0 = Debug|Any CPU
		{EA2443E3-B4DD-484B-B2BC-2038961B3AA6}.Debug|x86.ActiveCfg = Debug|Any CPU
		{EA2443E3-B4DD-484B-B2BC-2038961B3AA6}.Debug|x86.Build.0 = Debug|Any CPU
		{EA2443E3-B4DD-484B-B2BC-2038961B3AA6}.Release|Any CPU.ActiveCfg = Release|Any CPU
		{EA2443E3-B4DD-484B-B2BC-2038961B3AA6}.Release|Any CPU.Build.0 = Release|Any CPU
		{EA2443E3-B4DD-484B-B2BC-2038961B3AA6}.Release|x64.ActiveCfg = Release|Any CPU
		{EA2443E3-B4DD-484B-B2BC-2038961B3AA6}.Release|x64.Build.0 = Release|Any CPU
		{EA2443E3-B4DD-484B-B2BC-2038961B3AA6}.Release|x86.ActiveCfg = Release|Any CPU
		{EA2443E3-B4DD-484B-B2BC-2038961B3AA6}.Release|x86.Build.0 = Release|Any CPU
		{476CAAA4-0A03-4E36-A5F3-4FF95F3F6D22}.Debug|Any CPU.ActiveCfg = Debug|Any CPU
		{476CAAA4-0A03-4E36-A5F3-4FF95F3F6D22}.Debug|Any CPU.Build.0 = Debug|Any CPU
		{476CAAA4-0A03-4E36-A5F3-4FF95F3F6D22}.Debug|x64.ActiveCfg = Debug|Any CPU
		{476CAAA4-0A03-4E36-A5F3-4FF95F3F6D22}.Debug|x64.Build.0 = Debug|Any CPU
		{476CAAA4-0A03-4E36-A5F3-4FF95F3F6D22}.Debug|x86.ActiveCfg = Debug|Any CPU
		{476CAAA4-0A03-4E36-A5F3-4FF95F3F6D22}.Debug|x86.Build.0 = Debug|Any CPU
		{476CAAA4-0A03-4E36-A5F3-4FF95F3F6D22}.Release|Any CPU.ActiveCfg = Release|Any CPU
		{476CAAA4-0A03-4E36-A5F3-4FF95F3F6D22}.Release|Any CPU.Build.0 = Release|Any CPU
		{476CAAA4-0A03-4E36-A5F3-4FF95F3F6D22}.Release|x64.ActiveCfg = Release|Any CPU
		{476CAAA4-0A03-4E36-A5F3-4FF95F3F6D22}.Release|x64.Build.0 = Release|Any CPU
		{476CAAA4-0A03-4E36-A5F3-4FF95F3F6D22}.Release|x86.ActiveCfg = Release|Any CPU
		{476CAAA4-0A03-4E36-A5F3-4FF95F3F6D22}.Release|x86.Build.0 = Release|Any CPU
		{1C495887-7F60-4B18-8906-13454BE57AA7}.Debug|Any CPU.ActiveCfg = Debug|Any CPU
		{1C495887-7F60-4B18-8906-13454BE57AA7}.Debug|Any CPU.Build.0 = Debug|Any CPU
		{1C495887-7F60-4B18-8906-13454BE57AA7}.Debug|x64.ActiveCfg = Debug|Any CPU
		{1C495887-7F60-4B18-8906-13454BE57AA7}.Debug|x64.Build.0 = Debug|Any CPU
		{1C495887-7F60-4B18-8906-13454BE57AA7}.Debug|x86.ActiveCfg = Debug|Any CPU
		{1C495887-7F60-4B18-8906-13454BE57AA7}.Debug|x86.Build.0 = Debug|Any CPU
		{1C495887-7F60-4B18-8906-13454BE57AA7}.Release|Any CPU.ActiveCfg = Release|Any CPU
		{1C495887-7F60-4B18-8906-13454BE57AA7}.Release|Any CPU.Build.0 = Release|Any CPU
		{1C495887-7F60-4B18-8906-13454BE57AA7}.Release|x64.ActiveCfg = Release|Any CPU
		{1C495887-7F60-4B18-8906-13454BE57AA7}.Release|x64.Build.0 = Release|Any CPU
		{1C495887-7F60-4B18-8906-13454BE57AA7}.Release|x86.ActiveCfg = Release|Any CPU
		{1C495887-7F60-4B18-8906-13454BE57AA7}.Release|x86.Build.0 = Release|Any CPU
		{391B6341-4340-48BA-B058-799836383C91}.Debug|Any CPU.ActiveCfg = Debug|Any CPU
		{391B6341-4340-48BA-B058-799836383C91}.Debug|Any CPU.Build.0 = Debug|Any CPU
		{391B6341-4340-48BA-B058-799836383C91}.Debug|x64.ActiveCfg = Debug|Any CPU
		{391B6341-4340-48BA-B058-799836383C91}.Debug|x64.Build.0 = Debug|Any CPU
		{391B6341-4340-48BA-B058-799836383C91}.Debug|x86.ActiveCfg = Debug|Any CPU
		{391B6341-4340-48BA-B058-799836383C91}.Debug|x86.Build.0 = Debug|Any CPU
		{391B6341-4340-48BA-B058-799836383C91}.Release|Any CPU.ActiveCfg = Release|Any CPU
		{391B6341-4340-48BA-B058-799836383C91}.Release|Any CPU.Build.0 = Release|Any CPU
		{391B6341-4340-48BA-B058-799836383C91}.Release|x64.ActiveCfg = Release|Any CPU
		{391B6341-4340-48BA-B058-799836383C91}.Release|x64.Build.0 = Release|Any CPU
		{391B6341-4340-48BA-B058-799836383C91}.Release|x86.ActiveCfg = Release|Any CPU
		{391B6341-4340-48BA-B058-799836383C91}.Release|x86.Build.0 = Release|Any CPU
		{3E411AE8-B059-46B0-ADF2-20F20BCDCFCF}.Debug|Any CPU.ActiveCfg = Debug|Any CPU
		{3E411AE8-B059-46B0-ADF2-20F20BCDCFCF}.Debug|Any CPU.Build.0 = Debug|Any CPU
		{3E411AE8-B059-46B0-ADF2-20F20BCDCFCF}.Debug|x64.ActiveCfg = Debug|Any CPU
		{3E411AE8-B059-46B0-ADF2-20F20BCDCFCF}.Debug|x64.Build.0 = Debug|Any CPU
		{3E411AE8-B059-46B0-ADF2-20F20BCDCFCF}.Debug|x86.ActiveCfg = Debug|Any CPU
		{3E411AE8-B059-46B0-ADF2-20F20BCDCFCF}.Debug|x86.Build.0 = Debug|Any CPU
		{3E411AE8-B059-46B0-ADF2-20F20BCDCFCF}.Release|Any CPU.ActiveCfg = Release|Any CPU
		{3E411AE8-B059-46B0-ADF2-20F20BCDCFCF}.Release|Any CPU.Build.0 = Release|Any CPU
		{3E411AE8-B059-46B0-ADF2-20F20BCDCFCF}.Release|x64.ActiveCfg = Release|Any CPU
		{3E411AE8-B059-46B0-ADF2-20F20BCDCFCF}.Release|x64.Build.0 = Release|Any CPU
		{3E411AE8-B059-46B0-ADF2-20F20BCDCFCF}.Release|x86.ActiveCfg = Release|Any CPU
		{3E411AE8-B059-46B0-ADF2-20F20BCDCFCF}.Release|x86.Build.0 = Release|Any CPU
		{995D7E58-0434-454F-940D-77F57801A7BF}.Debug|Any CPU.ActiveCfg = Debug|Any CPU
		{995D7E58-0434-454F-940D-77F57801A7BF}.Debug|Any CPU.Build.0 = Debug|Any CPU
		{995D7E58-0434-454F-940D-77F57801A7BF}.Debug|x64.ActiveCfg = Debug|Any CPU
		{995D7E58-0434-454F-940D-77F57801A7BF}.Debug|x64.Build.0 = Debug|Any CPU
		{995D7E58-0434-454F-940D-77F57801A7BF}.Debug|x86.ActiveCfg = Debug|Any CPU
		{995D7E58-0434-454F-940D-77F57801A7BF}.Debug|x86.Build.0 = Debug|Any CPU
		{995D7E58-0434-454F-940D-77F57801A7BF}.Release|Any CPU.ActiveCfg = Release|Any CPU
		{995D7E58-0434-454F-940D-77F57801A7BF}.Release|Any CPU.Build.0 = Release|Any CPU
		{995D7E58-0434-454F-940D-77F57801A7BF}.Release|x64.ActiveCfg = Release|Any CPU
		{995D7E58-0434-454F-940D-77F57801A7BF}.Release|x64.Build.0 = Release|Any CPU
		{995D7E58-0434-454F-940D-77F57801A7BF}.Release|x86.ActiveCfg = Release|Any CPU
		{995D7E58-0434-454F-940D-77F57801A7BF}.Release|x86.Build.0 = Release|Any CPU
		{FAE97890-463F-48CE-9BA5-ECEF6CD01510}.Debug|Any CPU.ActiveCfg = Debug|Any CPU
		{FAE97890-463F-48CE-9BA5-ECEF6CD01510}.Debug|Any CPU.Build.0 = Debug|Any CPU
		{FAE97890-463F-48CE-9BA5-ECEF6CD01510}.Debug|x64.ActiveCfg = Debug|Any CPU
		{FAE97890-463F-48CE-9BA5-ECEF6CD01510}.Debug|x64.Build.0 = Debug|Any CPU
		{FAE97890-463F-48CE-9BA5-ECEF6CD01510}.Debug|x86.ActiveCfg = Debug|Any CPU
		{FAE97890-463F-48CE-9BA5-ECEF6CD01510}.Debug|x86.Build.0 = Debug|Any CPU
		{FAE97890-463F-48CE-9BA5-ECEF6CD01510}.Release|Any CPU.ActiveCfg = Release|Any CPU
		{FAE97890-463F-48CE-9BA5-ECEF6CD01510}.Release|Any CPU.Build.0 = Release|Any CPU
		{FAE97890-463F-48CE-9BA5-ECEF6CD01510}.Release|x64.ActiveCfg = Release|Any CPU
		{FAE97890-463F-48CE-9BA5-ECEF6CD01510}.Release|x64.Build.0 = Release|Any CPU
		{FAE97890-463F-48CE-9BA5-ECEF6CD01510}.Release|x86.ActiveCfg = Release|Any CPU
		{FAE97890-463F-48CE-9BA5-ECEF6CD01510}.Release|x86.Build.0 = Release|Any CPU
		{E540F2C9-5908-4BF7-B0CC-CFAEC6A47268}.Debug|Any CPU.ActiveCfg = Debug|Any CPU
		{E540F2C9-5908-4BF7-B0CC-CFAEC6A47268}.Debug|Any CPU.Build.0 = Debug|Any CPU
		{E540F2C9-5908-4BF7-B0CC-CFAEC6A47268}.Debug|x64.ActiveCfg = Debug|Any CPU
		{E540F2C9-5908-4BF7-B0CC-CFAEC6A47268}.Debug|x64.Build.0 = Debug|Any CPU
		{E540F2C9-5908-4BF7-B0CC-CFAEC6A47268}.Debug|x86.ActiveCfg = Debug|Any CPU
		{E540F2C9-5908-4BF7-B0CC-CFAEC6A47268}.Debug|x86.Build.0 = Debug|Any CPU
		{E540F2C9-5908-4BF7-B0CC-CFAEC6A47268}.Release|Any CPU.ActiveCfg = Release|Any CPU
		{E540F2C9-5908-4BF7-B0CC-CFAEC6A47268}.Release|Any CPU.Build.0 = Release|Any CPU
		{E540F2C9-5908-4BF7-B0CC-CFAEC6A47268}.Release|x64.ActiveCfg = Release|Any CPU
		{E540F2C9-5908-4BF7-B0CC-CFAEC6A47268}.Release|x64.Build.0 = Release|Any CPU
		{E540F2C9-5908-4BF7-B0CC-CFAEC6A47268}.Release|x86.ActiveCfg = Release|Any CPU
		{E540F2C9-5908-4BF7-B0CC-CFAEC6A47268}.Release|x86.Build.0 = Release|Any CPU
		{95E56177-29E4-4BDC-9359-7E24A44066C3}.Debug|Any CPU.ActiveCfg = Debug|Any CPU
		{95E56177-29E4-4BDC-9359-7E24A44066C3}.Debug|Any CPU.Build.0 = Debug|Any CPU
		{95E56177-29E4-4BDC-9359-7E24A44066C3}.Debug|x64.ActiveCfg = Debug|Any CPU
		{95E56177-29E4-4BDC-9359-7E24A44066C3}.Debug|x64.Build.0 = Debug|Any CPU
		{95E56177-29E4-4BDC-9359-7E24A44066C3}.Debug|x86.ActiveCfg = Debug|Any CPU
		{95E56177-29E4-4BDC-9359-7E24A44066C3}.Debug|x86.Build.0 = Debug|Any CPU
		{95E56177-29E4-4BDC-9359-7E24A44066C3}.Release|Any CPU.ActiveCfg = Release|Any CPU
		{95E56177-29E4-4BDC-9359-7E24A44066C3}.Release|Any CPU.Build.0 = Release|Any CPU
		{95E56177-29E4-4BDC-9359-7E24A44066C3}.Release|x64.ActiveCfg = Release|Any CPU
		{95E56177-29E4-4BDC-9359-7E24A44066C3}.Release|x64.Build.0 = Release|Any CPU
		{95E56177-29E4-4BDC-9359-7E24A44066C3}.Release|x86.ActiveCfg = Release|Any CPU
		{95E56177-29E4-4BDC-9359-7E24A44066C3}.Release|x86.Build.0 = Release|Any CPU
		{D84CB77F-ADEB-4174-9895-C6ABE5FB18D4}.Debug|Any CPU.ActiveCfg = Debug|Any CPU
		{D84CB77F-ADEB-4174-9895-C6ABE5FB18D4}.Debug|Any CPU.Build.0 = Debug|Any CPU
		{D84CB77F-ADEB-4174-9895-C6ABE5FB18D4}.Debug|x64.ActiveCfg = Debug|Any CPU
		{D84CB77F-ADEB-4174-9895-C6ABE5FB18D4}.Debug|x64.Build.0 = Debug|Any CPU
		{D84CB77F-ADEB-4174-9895-C6ABE5FB18D4}.Debug|x86.ActiveCfg = Debug|Any CPU
		{D84CB77F-ADEB-4174-9895-C6ABE5FB18D4}.Debug|x86.Build.0 = Debug|Any CPU
		{D84CB77F-ADEB-4174-9895-C6ABE5FB18D4}.Release|Any CPU.ActiveCfg = Release|Any CPU
		{D84CB77F-ADEB-4174-9895-C6ABE5FB18D4}.Release|Any CPU.Build.0 = Release|Any CPU
		{D84CB77F-ADEB-4174-9895-C6ABE5FB18D4}.Release|x64.ActiveCfg = Release|Any CPU
		{D84CB77F-ADEB-4174-9895-C6ABE5FB18D4}.Release|x64.Build.0 = Release|Any CPU
		{D84CB77F-ADEB-4174-9895-C6ABE5FB18D4}.Release|x86.ActiveCfg = Release|Any CPU
		{D84CB77F-ADEB-4174-9895-C6ABE5FB18D4}.Release|x86.Build.0 = Release|Any CPU
		{AEDFEC9C-4998-4FF8-8C12-94874C3B8C9A}.Debug|Any CPU.ActiveCfg = Debug|Any CPU
		{AEDFEC9C-4998-4FF8-8C12-94874C3B8C9A}.Debug|Any CPU.Build.0 = Debug|Any CPU
		{AEDFEC9C-4998-4FF8-8C12-94874C3B8C9A}.Debug|x64.ActiveCfg = Debug|Any CPU
		{AEDFEC9C-4998-4FF8-8C12-94874C3B8C9A}.Debug|x64.Build.0 = Debug|Any CPU
		{AEDFEC9C-4998-4FF8-8C12-94874C3B8C9A}.Debug|x86.ActiveCfg = Debug|Any CPU
		{AEDFEC9C-4998-4FF8-8C12-94874C3B8C9A}.Debug|x86.Build.0 = Debug|Any CPU
		{AEDFEC9C-4998-4FF8-8C12-94874C3B8C9A}.Release|Any CPU.ActiveCfg = Release|Any CPU
		{AEDFEC9C-4998-4FF8-8C12-94874C3B8C9A}.Release|Any CPU.Build.0 = Release|Any CPU
		{AEDFEC9C-4998-4FF8-8C12-94874C3B8C9A}.Release|x64.ActiveCfg = Release|Any CPU
		{AEDFEC9C-4998-4FF8-8C12-94874C3B8C9A}.Release|x64.Build.0 = Release|Any CPU
		{AEDFEC9C-4998-4FF8-8C12-94874C3B8C9A}.Release|x86.ActiveCfg = Release|Any CPU
		{AEDFEC9C-4998-4FF8-8C12-94874C3B8C9A}.Release|x86.Build.0 = Release|Any CPU
		{C58654B9-F17F-441A-AC2B-9DF4020BE678}.Debug|Any CPU.ActiveCfg = Debug|Any CPU
		{C58654B9-F17F-441A-AC2B-9DF4020BE678}.Debug|Any CPU.Build.0 = Debug|Any CPU
		{C58654B9-F17F-441A-AC2B-9DF4020BE678}.Debug|x64.ActiveCfg = Debug|Any CPU
		{C58654B9-F17F-441A-AC2B-9DF4020BE678}.Debug|x64.Build.0 = Debug|Any CPU
		{C58654B9-F17F-441A-AC2B-9DF4020BE678}.Debug|x86.ActiveCfg = Debug|Any CPU
		{C58654B9-F17F-441A-AC2B-9DF4020BE678}.Debug|x86.Build.0 = Debug|Any CPU
		{C58654B9-F17F-441A-AC2B-9DF4020BE678}.Release|Any CPU.ActiveCfg = Release|Any CPU
		{C58654B9-F17F-441A-AC2B-9DF4020BE678}.Release|Any CPU.Build.0 = Release|Any CPU
		{C58654B9-F17F-441A-AC2B-9DF4020BE678}.Release|x64.ActiveCfg = Release|Any CPU
		{C58654B9-F17F-441A-AC2B-9DF4020BE678}.Release|x64.Build.0 = Release|Any CPU
		{C58654B9-F17F-441A-AC2B-9DF4020BE678}.Release|x86.ActiveCfg = Release|Any CPU
		{C58654B9-F17F-441A-AC2B-9DF4020BE678}.Release|x86.Build.0 = Release|Any CPU
		{7486D665-F262-4ABC-9058-7791FC9E37B9}.Debug|Any CPU.ActiveCfg = Debug|Any CPU
		{7486D665-F262-4ABC-9058-7791FC9E37B9}.Debug|Any CPU.Build.0 = Debug|Any CPU
		{7486D665-F262-4ABC-9058-7791FC9E37B9}.Debug|x64.ActiveCfg = Debug|Any CPU
		{7486D665-F262-4ABC-9058-7791FC9E37B9}.Debug|x64.Build.0 = Debug|Any CPU
		{7486D665-F262-4ABC-9058-7791FC9E37B9}.Debug|x86.ActiveCfg = Debug|Any CPU
		{7486D665-F262-4ABC-9058-7791FC9E37B9}.Debug|x86.Build.0 = Debug|Any CPU
		{7486D665-F262-4ABC-9058-7791FC9E37B9}.Release|Any CPU.ActiveCfg = Release|Any CPU
		{7486D665-F262-4ABC-9058-7791FC9E37B9}.Release|Any CPU.Build.0 = Release|Any CPU
		{7486D665-F262-4ABC-9058-7791FC9E37B9}.Release|x64.ActiveCfg = Release|Any CPU
		{7486D665-F262-4ABC-9058-7791FC9E37B9}.Release|x64.Build.0 = Release|Any CPU
		{7486D665-F262-4ABC-9058-7791FC9E37B9}.Release|x86.ActiveCfg = Release|Any CPU
		{7486D665-F262-4ABC-9058-7791FC9E37B9}.Release|x86.Build.0 = Release|Any CPU
		{E0D7D203-B6B8-4FE8-9D98-1432A3C594CB}.Debug|Any CPU.ActiveCfg = Debug|Any CPU
		{E0D7D203-B6B8-4FE8-9D98-1432A3C594CB}.Debug|Any CPU.Build.0 = Debug|Any CPU
		{E0D7D203-B6B8-4FE8-9D98-1432A3C594CB}.Debug|x64.ActiveCfg = Debug|Any CPU
		{E0D7D203-B6B8-4FE8-9D98-1432A3C594CB}.Debug|x64.Build.0 = Debug|Any CPU
		{E0D7D203-B6B8-4FE8-9D98-1432A3C594CB}.Debug|x86.ActiveCfg = Debug|Any CPU
		{E0D7D203-B6B8-4FE8-9D98-1432A3C594CB}.Debug|x86.Build.0 = Debug|Any CPU
		{E0D7D203-B6B8-4FE8-9D98-1432A3C594CB}.Release|Any CPU.ActiveCfg = Release|Any CPU
		{E0D7D203-B6B8-4FE8-9D98-1432A3C594CB}.Release|Any CPU.Build.0 = Release|Any CPU
		{E0D7D203-B6B8-4FE8-9D98-1432A3C594CB}.Release|x64.ActiveCfg = Release|Any CPU
		{E0D7D203-B6B8-4FE8-9D98-1432A3C594CB}.Release|x64.Build.0 = Release|Any CPU
		{E0D7D203-B6B8-4FE8-9D98-1432A3C594CB}.Release|x86.ActiveCfg = Release|Any CPU
		{E0D7D203-B6B8-4FE8-9D98-1432A3C594CB}.Release|x86.Build.0 = Release|Any CPU
		{B6699B63-1CEE-4EB6-A7EF-580418966874}.Debug|Any CPU.ActiveCfg = Debug|Any CPU
		{B6699B63-1CEE-4EB6-A7EF-580418966874}.Debug|Any CPU.Build.0 = Debug|Any CPU
		{B6699B63-1CEE-4EB6-A7EF-580418966874}.Debug|x64.ActiveCfg = Debug|Any CPU
		{B6699B63-1CEE-4EB6-A7EF-580418966874}.Debug|x64.Build.0 = Debug|Any CPU
		{B6699B63-1CEE-4EB6-A7EF-580418966874}.Debug|x86.ActiveCfg = Debug|Any CPU
		{B6699B63-1CEE-4EB6-A7EF-580418966874}.Debug|x86.Build.0 = Debug|Any CPU
		{B6699B63-1CEE-4EB6-A7EF-580418966874}.Release|Any CPU.ActiveCfg = Release|Any CPU
		{B6699B63-1CEE-4EB6-A7EF-580418966874}.Release|Any CPU.Build.0 = Release|Any CPU
		{B6699B63-1CEE-4EB6-A7EF-580418966874}.Release|x64.ActiveCfg = Release|Any CPU
		{B6699B63-1CEE-4EB6-A7EF-580418966874}.Release|x64.Build.0 = Release|Any CPU
		{B6699B63-1CEE-4EB6-A7EF-580418966874}.Release|x86.ActiveCfg = Release|Any CPU
		{B6699B63-1CEE-4EB6-A7EF-580418966874}.Release|x86.Build.0 = Release|Any CPU
		{BCE40D32-1663-4D7C-B9CD-A7C790B6799E}.Debug|Any CPU.ActiveCfg = Debug|Any CPU
		{BCE40D32-1663-4D7C-B9CD-A7C790B6799E}.Debug|Any CPU.Build.0 = Debug|Any CPU
		{BCE40D32-1663-4D7C-B9CD-A7C790B6799E}.Debug|x64.ActiveCfg = Debug|Any CPU
		{BCE40D32-1663-4D7C-B9CD-A7C790B6799E}.Debug|x64.Build.0 = Debug|Any CPU
		{BCE40D32-1663-4D7C-B9CD-A7C790B6799E}.Debug|x86.ActiveCfg = Debug|Any CPU
		{BCE40D32-1663-4D7C-B9CD-A7C790B6799E}.Debug|x86.Build.0 = Debug|Any CPU
		{BCE40D32-1663-4D7C-B9CD-A7C790B6799E}.Release|Any CPU.ActiveCfg = Release|Any CPU
		{BCE40D32-1663-4D7C-B9CD-A7C790B6799E}.Release|Any CPU.Build.0 = Release|Any CPU
		{BCE40D32-1663-4D7C-B9CD-A7C790B6799E}.Release|x64.ActiveCfg = Release|Any CPU
		{BCE40D32-1663-4D7C-B9CD-A7C790B6799E}.Release|x64.Build.0 = Release|Any CPU
		{BCE40D32-1663-4D7C-B9CD-A7C790B6799E}.Release|x86.ActiveCfg = Release|Any CPU
		{BCE40D32-1663-4D7C-B9CD-A7C790B6799E}.Release|x86.Build.0 = Release|Any CPU
		{2EF3FC1B-7191-4D8A-8AC9-4BDE91F832F4}.Debug|Any CPU.ActiveCfg = Debug|Any CPU
		{2EF3FC1B-7191-4D8A-8AC9-4BDE91F832F4}.Debug|Any CPU.Build.0 = Debug|Any CPU
		{2EF3FC1B-7191-4D8A-8AC9-4BDE91F832F4}.Debug|x64.ActiveCfg = Debug|Any CPU
		{2EF3FC1B-7191-4D8A-8AC9-4BDE91F832F4}.Debug|x64.Build.0 = Debug|Any CPU
		{2EF3FC1B-7191-4D8A-8AC9-4BDE91F832F4}.Debug|x86.ActiveCfg = Debug|Any CPU
		{2EF3FC1B-7191-4D8A-8AC9-4BDE91F832F4}.Debug|x86.Build.0 = Debug|Any CPU
		{2EF3FC1B-7191-4D8A-8AC9-4BDE91F832F4}.Release|Any CPU.ActiveCfg = Release|Any CPU
		{2EF3FC1B-7191-4D8A-8AC9-4BDE91F832F4}.Release|Any CPU.Build.0 = Release|Any CPU
		{2EF3FC1B-7191-4D8A-8AC9-4BDE91F832F4}.Release|x64.ActiveCfg = Release|Any CPU
		{2EF3FC1B-7191-4D8A-8AC9-4BDE91F832F4}.Release|x64.Build.0 = Release|Any CPU
		{2EF3FC1B-7191-4D8A-8AC9-4BDE91F832F4}.Release|x86.ActiveCfg = Release|Any CPU
		{2EF3FC1B-7191-4D8A-8AC9-4BDE91F832F4}.Release|x86.Build.0 = Release|Any CPU
		{70A97B0B-6F9C-41FC-B348-890E7A2F1A69}.Debug|Any CPU.ActiveCfg = Debug|Any CPU
		{70A97B0B-6F9C-41FC-B348-890E7A2F1A69}.Debug|Any CPU.Build.0 = Debug|Any CPU
		{70A97B0B-6F9C-41FC-B348-890E7A2F1A69}.Debug|x64.ActiveCfg = Debug|Any CPU
		{70A97B0B-6F9C-41FC-B348-890E7A2F1A69}.Debug|x64.Build.0 = Debug|Any CPU
		{70A97B0B-6F9C-41FC-B348-890E7A2F1A69}.Debug|x86.ActiveCfg = Debug|Any CPU
		{70A97B0B-6F9C-41FC-B348-890E7A2F1A69}.Debug|x86.Build.0 = Debug|Any CPU
		{70A97B0B-6F9C-41FC-B348-890E7A2F1A69}.Release|Any CPU.ActiveCfg = Release|Any CPU
		{70A97B0B-6F9C-41FC-B348-890E7A2F1A69}.Release|Any CPU.Build.0 = Release|Any CPU
		{70A97B0B-6F9C-41FC-B348-890E7A2F1A69}.Release|x64.ActiveCfg = Release|Any CPU
		{70A97B0B-6F9C-41FC-B348-890E7A2F1A69}.Release|x64.Build.0 = Release|Any CPU
		{70A97B0B-6F9C-41FC-B348-890E7A2F1A69}.Release|x86.ActiveCfg = Release|Any CPU
		{70A97B0B-6F9C-41FC-B348-890E7A2F1A69}.Release|x86.Build.0 = Release|Any CPU
		{3A6CDD4C-F8B8-4FDF-851E-AD0C308E536E}.Debug|Any CPU.ActiveCfg = Debug|Any CPU
		{3A6CDD4C-F8B8-4FDF-851E-AD0C308E536E}.Debug|Any CPU.Build.0 = Debug|Any CPU
		{3A6CDD4C-F8B8-4FDF-851E-AD0C308E536E}.Debug|x64.ActiveCfg = Debug|Any CPU
		{3A6CDD4C-F8B8-4FDF-851E-AD0C308E536E}.Debug|x64.Build.0 = Debug|Any CPU
		{3A6CDD4C-F8B8-4FDF-851E-AD0C308E536E}.Debug|x86.ActiveCfg = Debug|Any CPU
		{3A6CDD4C-F8B8-4FDF-851E-AD0C308E536E}.Debug|x86.Build.0 = Debug|Any CPU
		{3A6CDD4C-F8B8-4FDF-851E-AD0C308E536E}.Release|Any CPU.ActiveCfg = Release|Any CPU
		{3A6CDD4C-F8B8-4FDF-851E-AD0C308E536E}.Release|Any CPU.Build.0 = Release|Any CPU
		{3A6CDD4C-F8B8-4FDF-851E-AD0C308E536E}.Release|x64.ActiveCfg = Release|Any CPU
		{3A6CDD4C-F8B8-4FDF-851E-AD0C308E536E}.Release|x64.Build.0 = Release|Any CPU
		{3A6CDD4C-F8B8-4FDF-851E-AD0C308E536E}.Release|x86.ActiveCfg = Release|Any CPU
		{3A6CDD4C-F8B8-4FDF-851E-AD0C308E536E}.Release|x86.Build.0 = Release|Any CPU
	EndGlobalSection
	GlobalSection(SolutionProperties) = preSolution
		HideSolutionNode = FALSE
	EndGlobalSection
	GlobalSection(NestedProjects) = preSolution
		{816AF2F8-9D74-49A1-B2CC-5E78FD61240D} = {31C2C117-2E0F-4A95-8C59-B9B4A3B99D7B}
		{BC0B4E95-01D5-40D5-9F18-6A6DB5218F16} = {31C2C117-2E0F-4A95-8C59-B9B4A3B99D7B}
		{A25A878F-38DD-1B4D-321A-757881C896A2} = {898EF159-B67A-4F1F-818E-D6A245EFD94D}
		{1B824CDD-AC1C-487E-9CCC-2907FB1B237D} = {816AF2F8-9D74-49A1-B2CC-5E78FD61240D}
		{9E2C4099-B833-44A2-A75C-5FA1CE719D72} = {816AF2F8-9D74-49A1-B2CC-5E78FD61240D}
		{CC86C533-9D01-4AF5-AB5D-4D5AFB0D7D15} = {BC0B4E95-01D5-40D5-9F18-6A6DB5218F16}
		{2AE86BAA-1ED8-4B8B-89B2-5B334D4E8F4C} = {BC0B4E95-01D5-40D5-9F18-6A6DB5218F16}
		{EA2443E3-B4DD-484B-B2BC-2038961B3AA6} = {A25A878F-38DD-1B4D-321A-757881C896A2}
		{476CAAA4-0A03-4E36-A5F3-4FF95F3F6D22} = {A25A878F-38DD-1B4D-321A-757881C896A2}
		{1C495887-7F60-4B18-8906-13454BE57AA7} = {A25A878F-38DD-1B4D-321A-757881C896A2}
		{391B6341-4340-48BA-B058-799836383C91} = {A25A878F-38DD-1B4D-321A-757881C896A2}
		{3E411AE8-B059-46B0-ADF2-20F20BCDCFCF} = {A25A878F-38DD-1B4D-321A-757881C896A2}
		{A14BD249-3F11-78CC-058D-DD74AF9F65CF} = {898EF159-B67A-4F1F-818E-D6A245EFD94D}
		{995D7E58-0434-454F-940D-77F57801A7BF} = {A14BD249-3F11-78CC-058D-DD74AF9F65CF}
		{B8AC22FE-A4C2-3A1E-FF61-228D5AE67FFD} = {532C43EC-9DBB-700F-E725-93E16FD3DDA4}
		{FAE97890-463F-48CE-9BA5-ECEF6CD01510} = {B8AC22FE-A4C2-3A1E-FF61-228D5AE67FFD}
		{E960BB88-D097-D88F-E1DF-44AF63B77C0E} = {532C43EC-9DBB-700F-E725-93E16FD3DDA4}
		{E540F2C9-5908-4BF7-B0CC-CFAEC6A47268} = {E960BB88-D097-D88F-E1DF-44AF63B77C0E}
		{C23D4804-F6E5-7A60-6805-9A20FA336ED4} = {1B971CE1-D1BF-726E-0C04-072173F63444}
		{95E56177-29E4-4BDC-9359-7E24A44066C3} = {C23D4804-F6E5-7A60-6805-9A20FA336ED4}
		{AC2DAE29-7568-8E5A-5BC5-1CE4F5A5D7CB} = {1B971CE1-D1BF-726E-0C04-072173F63444}
		{D84CB77F-ADEB-4174-9895-C6ABE5FB18D4} = {AC2DAE29-7568-8E5A-5BC5-1CE4F5A5D7CB}
		{AEDFEC9C-4998-4FF8-8C12-94874C3B8C9A} = {AC2DAE29-7568-8E5A-5BC5-1CE4F5A5D7CB}
		{C58654B9-F17F-441A-AC2B-9DF4020BE678} = {AC2DAE29-7568-8E5A-5BC5-1CE4F5A5D7CB}
		{7486D665-F262-4ABC-9058-7791FC9E37B9} = {AC2DAE29-7568-8E5A-5BC5-1CE4F5A5D7CB}
		{ADA9F2A7-3DEC-B545-1F04-50AD31526E8D} = {2873B483-E899-4C1E-EC83-F9270DAB3D3E}
		{E0D7D203-B6B8-4FE8-9D98-1432A3C594CB} = {ADA9F2A7-3DEC-B545-1F04-50AD31526E8D}
		{42EAE0C4-A564-16E0-83B8-5681CC61C0AB} = {36F19584-9A82-07FC-9748-BBD163E9779F}
		{B6699B63-1CEE-4EB6-A7EF-580418966874} = {42EAE0C4-A564-16E0-83B8-5681CC61C0AB}
		{BCE40D32-1663-4D7C-B9CD-A7C790B6799E} = {42EAE0C4-A564-16E0-83B8-5681CC61C0AB}
		{2EF3FC1B-7191-4D8A-8AC9-4BDE91F832F4} = {42EAE0C4-A564-16E0-83B8-5681CC61C0AB}
		{70A97B0B-6F9C-41FC-B348-890E7A2F1A69} = {42EAE0C4-A564-16E0-83B8-5681CC61C0AB}
		{99FA9AA8-F9B3-D335-7171-F6B4E5183560} = {36F19584-9A82-07FC-9748-BBD163E9779F}
		{3A6CDD4C-F8B8-4FDF-851E-AD0C308E536E} = {99FA9AA8-F9B3-D335-7171-F6B4E5183560}
	EndGlobalSection
EndGlobal
